# This file is autogenerated, do not edit; changes may be undone by the next 'dep ensure'.


[[projects]]
  branch = "master"
  digest = "1:f3793f8a708522400cef1dba23385e901aede5519f68971fd69938ef330b07a1"
  name = "github.com/alecthomas/template"
  packages = [
    ".",
    "parse",
  ]
  pruneopts = "NUT"
  revision = "a0175ee3bccc567396460bf5acd36800cb10c49c"

[[projects]]
  branch = "master"
  digest = "1:fdd419e104ec26bb5bd63cc62637c640453ed2929a7453f3afadbd9a0223da66"
  name = "github.com/alecthomas/units"
  packages = ["."]
  pruneopts = "NUT"
  revision = "2efee857e7cfd4f3d0138cc3cbb1b4966962b93a"

[[projects]]
  branch = "master"
  digest = "1:707ebe952a8b3d00b343c01536c79c73771d100f63ec6babeaed5c79e2b8a8dd"
  name = "github.com/beorn7/perks"
  packages = ["quantile"]
  pruneopts = "NUT"
  revision = "3a771d992973f24aa725d07868b467d1ddfceafb"

[[projects]]
  branch = "master"
  digest = "1:20fbcb14466e20006cbbaaef66ff09d98c425c443dda2181f77b0edf1307b64b"
  name = "github.com/golang/protobuf"
  packages = [
    "proto",
    "protoc-gen-go/descriptor",
    "ptypes",
    "ptypes/any",
    "ptypes/duration",
    "ptypes/empty",
    "ptypes/timestamp",
  ]
  pruneopts = "NUT"
  revision = "b5d812f8a3706043e23a9cd5babf2e5423744d30"

[[projects]]
  digest = "1:c81e433b6fdb2b3054a7c5cdd9f8c7fdc775ed131fb646a368ce4ec4bb1d3911"
  name = "github.com/grpc-ecosystem/grpc-gateway"
  packages = ["protoc-gen-swagger/options"]
  pruneopts = "NUT"
  revision = "7d1918f9e926dafd000b917eb2caccbcf64477df"
  version = "v1.8.1"

[[projects]]
  digest = "1:b08ccf756352fda423294cf3b5f25d135b0a39632d49a678f57ec9e643ad833c"
  name = "github.com/kennygrant/sanitize"
  packages = ["."]
  pruneopts = "NUT"
  revision = "06ec0d0dbcd497d01e5189b16f5263f712e61a8e"
  version = "v1.2.4"

[[projects]]
  digest = "1:58999a98719fddbac6303cb17e8d85b945f60b72f48e3a2df6b950b97fa926f1"
  name = "github.com/konsorten/go-windows-terminal-sequences"
  packages = ["."]
  pruneopts = "NUT"
  revision = "f55edac94c9bbba5d6182a4be46d86a2c9b5b50e"
  version = "v1.0.2"

[[projects]]
  digest = "1:5985ef4caf91ece5d54817c11ea25f182697534f8ae6521eadcd628c142ac4b6"
  name = "github.com/matttproud/golang_protobuf_extensions"
  packages = ["pbutil"]
  pruneopts = "NUT"
  revision = "c12348ce28de40eed0136aa2b644d0ee0650e56c"
  version = "v1.0.1"

[[projects]]
  digest = "1:86f61c72776e70ca6c70da0f25a16f90a3be55efd0a23a2072ecd6e6ae13be79"
  name = "github.com/nlnwa/veidemann-api-go"
  packages = [
    "commons/v1",
    "config/v1",
    "frontier/v1",
    "ooshandler/v1",
  ]
  pruneopts = "NUT"
  revision = "806ee85fdda1bd8216cfccaee8a18c39081c2d46"
  version = "v1.0.0-beta5"

[[projects]]
  digest = "1:03bca087b180bf24c4f9060775f137775550a0834e18f0bca0520a868679dbd7"
  name = "github.com/prometheus/client_golang"
  packages = [
    "prometheus",
    "prometheus/promhttp",
  ]
  pruneopts = "NUT"
  revision = "c5b7fccd204277076155f10851dad72b76a49317"
  version = "v0.8.0"

[[projects]]
  branch = "master"
  digest = "1:2d5cd61daa5565187e1d96bae64dbbc6080dacf741448e9629c64fd93203b0d4"
  name = "github.com/prometheus/client_model"
  packages = ["go"]
  pruneopts = "NUT"
  revision = "fd36f4220a901265f90734c3183c5f0c91daa0b8"

[[projects]]
  branch = "master"
  digest = "1:9a3a4edd086ae7bf9fc11b252d69a5c198cb3b7a52d5f69e81affcebba9894e0"
  name = "github.com/prometheus/common"
  packages = [
    "expfmt",
    "internal/bitbucket.org/ww/goautoneg",
    "log",
    "model",
    "version",
  ]
  pruneopts = "NUT"
  revision = "7a3416fd1f41341905f138746c51a5092e7ddf7a"

[[projects]]
  branch = "master"
  digest = "1:0a2e604afa3cbf53a1ddade2f240ee8472eded98856dd8c7cfbfea392ddbbfc7"
  name = "github.com/prometheus/procfs"
  packages = [
    ".",
    "internal/util",
    "iostats",
    "nfs",
    "xfs",
  ]
  pruneopts = "NUT"
  revision = "bbced9601137e764853b2fad7ec3e2dc4c504e02"

[[projects]]
  digest = "1:e256b859ab89f005f2f639f5ed9807d0873d9135e27c6382f419b840ff9abe71"
  name = "github.com/sirupsen/logrus"
  packages = ["."]
  pruneopts = "NUT"
  revision = "e1e72e9de974bd926e5c56f83753fba2df402ce5"
  version = "v1.3.0"

[[projects]]
  digest = "1:58478941a88490cfdb15714ec9f2277ebb405699ccbe4add0fbdf56dedb7b5c0"
  name = "github.com/steakknife/bloomfilter"
  packages = ["."]
  pruneopts = "NUT"
  revision = "99ee86d9200fcc2ffde62f508329bd6627c0a307"
  version = "1.0.4"

[[projects]]
  digest = "1:73a247afa20da999b5252a325f9d8845a4e67cf17475df7b55d186887e8e7513"
  name = "github.com/steakknife/hamming"
  packages = ["."]
  pruneopts = "NUT"
  revision = "003c143a81c25ea5e263d692919c611c7122ae6b"
  version = "0.2.5"

[[projects]]
  branch = "master"
  digest = "1:058e9504b9a79bfe86092974d05bb3298d2aa0c312d266d43148de289a5065d9"
  name = "golang.org/x/crypto"
  packages = ["ssh/terminal"]
  pruneopts = "NUT"
  revision = "8dd112bcdc25174059e45e07517d9fc663123347"

[[projects]]
  branch = "master"
  digest = "1:b07ef0f4f6d7adb5fc67eb1ce56a9e73431bfdde835e010176400ebb90dd8eb1"
  name = "golang.org/x/net"
  packages = [
    "html",
    "html/atom",
    "http/httpguts",
    "http2",
    "http2/hpack",
    "idna",
    "internal/timeseries",
    "trace",
  ]
  pruneopts = "NUT"
  revision = "16b79f2e4e95ea23b2bf9903c9809ff7b013ce85"

[[projects]]
  branch = "master"
  digest = "1:6c03d13eb644d2fd8e542eb78704e62998534093cffe8012462373c1118634ba"
  name = "golang.org/x/sys"
  packages = [
    "unix",
    "windows",
    "windows/registry",
    "windows/svc/eventlog",
  ]
  pruneopts = "NUT"
  revision = "c2f5717e611cf8e89a852a41081355194d80c943"

[[projects]]
  digest = "1:e7071ed636b5422cc51c0e3a6cebc229d6c9fffc528814b519a980641422d619"
  name = "golang.org/x/text"
  packages = [
    "collate",
    "collate/build",
    "internal/colltab",
    "internal/gen",
    "internal/tag",
    "internal/triegen",
    "internal/ucd",
    "language",
    "secure/bidirule",
    "transform",
    "unicode/bidi",
    "unicode/cldr",
    "unicode/norm",
    "unicode/rangetable",
  ]
  pruneopts = "NUT"
  revision = "f21a4dfb5e38f5895301dc265a8def02365cc3d0"
  version = "v0.3.0"

[[projects]]
  branch = "master"
  digest = "1:48cd63b152af9cc0010714d881a3d29a68c19a265fbb914d884dfde42fe9337a"
  name = "google.golang.org/genproto"
  packages = [
    "googleapis/api/annotations",
    "googleapis/rpc/status",
  ]
  pruneopts = "NUT"
  revision = "4f5b463f9597cbe0dd13a6a2cd4f85e788d27508"

[[projects]]
  digest = "1:f2df7088cd31687fdce0f2eee853682416bf1e70baa487094913e3881f1f12f8"
  name = "google.golang.org/grpc"
  packages = [
    ".",
    "balancer",
    "balancer/base",
    "balancer/roundrobin",
    "binarylog/grpc_binarylog_v1",
    "codes",
    "connectivity",
    "credentials",
    "credentials/internal",
    "encoding",
    "encoding/proto",
    "grpclog",
    "internal",
    "internal/backoff",
    "internal/binarylog",
    "internal/channelz",
    "internal/envconfig",
    "internal/grpcrand",
    "internal/grpcsync",
    "internal/syscall",
    "internal/transport",
    "keepalive",
    "metadata",
    "naming",
    "peer",
    "resolver",
    "resolver/dns",
    "resolver/passthrough",
    "stats",
    "status",
    "tap",
  ]
  pruneopts = "NUT"
  revision = "2fdaae294f38ed9a121193c51ec99fecd3b13eb7"
  version = "v1.19.0"

[[projects]]
  digest = "1:22b2dee6f30bc8601f087449a2a819df8388e54e9547349c658f14d8f8c590f2"
  name = "gopkg.in/alecthomas/kingpin.v2"
  packages = ["."]
  pruneopts = "NUT"
  revision = "947dcec5ba9c011838740e680966fd7087a71d0d"
  version = "v2.2.6"

[solve-meta]
  analyzer-name = "dep"
  analyzer-version = 1
  input-imports = [
    "github.com/golang/protobuf/ptypes/empty",
    "github.com/kennygrant/sanitize",
    "github.com/nlnwa/veidemann-api-go/ooshandler/v1",
    "github.com/prometheus/client_golang/prometheus",
    "github.com/prometheus/client_golang/prometheus/promhttp",
    "github.com/prometheus/common/log",
    "github.com/prometheus/common/version",
    "github.com/sirupsen/logrus",
    "github.com/steakknife/bloomfilter",
    "google.golang.org/grpc",
  ]
  solver-name = "gps-cdcl"
  solver-version = 1
